hash: a20612b08799d1177effb62a4e0af1b2ec50c9e73a30cad3fea1652d256a5518
updated: 2018-04-09T17:54:03.738046+01:00
imports:
- name: github.com/abiosoft/goutils
  version: af27f2043be5f6bf2388ddb35cc93a70b9037365
  subpackages:
  - env
- name: github.com/dsnet/compress
  version: cc9eb1d7ad760af14e8f918698f745e80377af4f
  subpackages:
  - bzip2
  - bzip2/internal/sais
  - internal
  - internal/errors
  - internal/prefix
- name: github.com/dustin/go-humanize
  version: bb3d318650d48840a39aa21a027c6630e198e626
- name: github.com/fsnotify/fsnotify
  version: 4da3e2cfbabc9f751898f250b49f2439785783a1
- name: github.com/golang/snappy
  version: 553a641470496b2327abcac10b36396bd98e45c9
- name: github.com/google/go-github
  version: 632a2caf6d3d380753dc7e422748202982ad18a3
  subpackages:
  - github
- name: github.com/google/go-querystring
  version: 53e6ce116135b80d037921a7fdd5138cf32d7a8a
  subpackages:
  - query
- name: github.com/hashicorp/hcl
  version: 23c074d0eceb2b8a5bfdbb271ab780cde70f05a8
  subpackages:
  - hcl/ast
  - hcl/parser
  - hcl/printer
  - hcl/scanner
  - hcl/strconv
  - hcl/token
  - json/parser
  - json/scanner
  - json/token
- name: github.com/inconshreveable/mousetrap
  version: 76626ae9c91c4f2a10f34cad8ce83ea42c93bb75
- name: github.com/magiconair/properties
  version: 49d762b9817ba1c2e9d0c69183c2b4a8b8f1d934
- name: github.com/mattn/go-ieproxy
  version: 701d8548fa471fbba009183fadc7b6323cd0b8e4
- name: github.com/mattn/go-runewidth
  version: 97311d9f7767e3d6f422ea06661bc2c7a19e8a5d
- name: github.com/mitchellh/ioprogress
  version: 8163955264568045f462ae7e2d6d07b2001fc997
- name: github.com/mitchellh/mapstructure
  version: 06020f85339e21b2478f756a78e295255ffa4d6a
- name: github.com/nwaples/rardecode
  version: e06696f847aeda6f39a8f0b7cdff193b7690aef6
- name: github.com/olekukonko/tablewriter
  version: 65fec0d89a572b4367094e2058d3ebe667de3b60
- name: github.com/olekukonko/ts
  version: 78ecb04241c0121483589a30b0814836a746187d
- name: github.com/pelletier/go-toml
  version: b8b5e7696574464b2f9bf303a7b37781bb52889f
- name: github.com/pierrec/lz4
  version: 2fcda4cb7018ce05a25959d2fe08c83e3329f169
- name: github.com/pierrec/xxHash
  version: a0006b13c722f7f12368c00a3d3c2ae8a999a0c6
  subpackages:
  - xxHash32
- name: github.com/pkg/sftp
  version: 1d5374a61d4959af383169ff31db1cd752c2d69a
- name: github.com/reconfigureio/archiver
  version: ec41b3af3a74d34f368868a57ef01ced8b8e9568
- name: github.com/ReconfigureIO/cobra
  version: 3b4ffe4b37381957c28404f5e069ba5bca001d36
- name: github.com/ReconfigureIO/go-update
  version: bf22c9dcdbb2c8d58308f9fbefc34ea0e64bd61d
  subpackages:
  - internal/binarydist
  - internal/osext
- name: github.com/skratchdot/open-golang
  version: 75fb7ed4208cf72d323d7d02fd1a5964a7a9073c
  subpackages:
  - open
- name: github.com/spf13/afero
  version: 8d919cbe7e2627e417f3e45c3c0e489a5b7e2536
  subpackages:
  - mem
- name: github.com/spf13/cast
  version: acbeb36b902d72a7a4c18e8f3241075e7ab763e4
- name: github.com/spf13/jwalterweatherman
  version: 12bd96e66386c1960ab0f74ced1362f66f552f7b
- name: github.com/spf13/pflag
  version: 4c012f6dcd9546820e378d0bdda4d8fc772cdfea
- name: github.com/spf13/viper
  version: 1a0c4a370c3e8286b835467d2dfcdaf636c3538b
- name: github.com/ulikunitz/xz
  version: 0c6b41e72360850ca4f98dc341fd999726ea007f
  subpackages:
  - internal/hash
  - internal/xlog
  - lzma
- name: golang.org/x/sys
  version: f3918c30c5c2cb527c0b071a27c35120a6c0719a
  subpackages:
  - unix
- name: golang.org/x/text
  version: eb22672bea55af56d225d4e35405f4d2e9f062a0
  subpackages:
  - transform
  - unicode/norm
- name: gopkg.in/yaml.v2
  version: cd8b52f8269e0feb286dfeef29f8fe4d5b397e0b
testImports: []
